{
  "version": "4",
  "specifiers": {
    "npm:@sveltejs/adapter-auto@4": "4.0.0_@sveltejs+kit@2.17.2__@sveltejs+vite-plugin-svelte@5.0.3___svelte@5.20.2____acorn@8.14.0___vite@6.1.1____lightningcss@1.29.1__svelte@5.20.2___acorn@8.14.0__vite@6.1.1___lightningcss@1.29.1_@sveltejs+vite-plugin-svelte@5.0.3__svelte@5.20.2___acorn@8.14.0__vite@6.1.1___lightningcss@1.29.1_svelte@5.20.2__acorn@8.14.0_vite@6.1.1__lightningcss@1.29.1",
    "npm:@sveltejs/kit@^2.16.0": "2.17.2_@sveltejs+vite-plugin-svelte@5.0.3__svelte@5.20.2___acorn@8.14.0__vite@6.1.1___lightningcss@1.29.1_svelte@5.20.2__acorn@8.14.0_vite@6.1.1__lightningcss@1.29.1",
    "npm:@sveltejs/vite-plugin-svelte@5": "5.0.3_svelte@5.20.2__acorn@8.14.0_vite@6.1.1__lightningcss@1.29.1",
    "npm:@tailwindcss/vite@4": "4.0.8_vite@6.1.1__lightningcss@1.29.1_lightningcss@1.29.1",
    "npm:sass-embedded@^1.85.0": "1.85.0",
    "npm:svelte-check@4": "4.1.4_svelte@5.20.2__acorn@8.14.0_typescript@5.7.3",
    "npm:svelte@5": "5.20.2_acorn@8.14.0",
    "npm:tailwindcss@4": "4.0.8",
    "npm:typescript@5": "5.7.3",
    "npm:vite@6": "6.1.1_lightningcss@1.29.1"
  },
  "npm": {
    "@ampproject/remapping@2.3.0": {
      "integrity": "sha512-30iZtAPgz+LTIYoeivqYo853f02jBYSd5uGnGpkFV0M3xOt9aN73erkgYAmZU43x4VfqcnLxW9Kpg3R5LC4YYw==",
      "dependencies": [
        "@jridgewell/gen-mapping",
        "@jridgewell/trace-mapping"
      ]
    },
    "@bufbuild/protobuf@2.2.3": {
      "integrity": "sha512-tFQoXHJdkEOSwj5tRIZSPNUuXK3RaR7T1nUrPgbYX1pUbvqqaaZAsfo+NXBPsz5rZMSKVFrgK1WL8Q/MSLvprg=="
    },
    "@esbuild/aix-ppc64@0.24.2": {
      "integrity": "sha512-thpVCb/rhxE/BnMLQ7GReQLLN8q9qbHmI55F4489/ByVg2aQaQ6kbcLb6FHkocZzQhxc4gx0sCk0tJkKBFzDhA=="
    },
    "@esbuild/android-arm64@0.24.2": {
      "integrity": "sha512-cNLgeqCqV8WxfcTIOeL4OAtSmL8JjcN6m09XIgro1Wi7cF4t/THaWEa7eL5CMoMBdjoHOTh/vwTO/o2TRXIyzg=="
    },
    "@esbuild/android-arm@0.24.2": {
      "integrity": "sha512-tmwl4hJkCfNHwFB3nBa8z1Uy3ypZpxqxfTQOcHX+xRByyYgunVbZ9MzUUfb0RxaHIMnbHagwAxuTL+tnNM+1/Q=="
    },
    "@esbuild/android-x64@0.24.2": {
      "integrity": "sha512-B6Q0YQDqMx9D7rvIcsXfmJfvUYLoP722bgfBlO5cGvNVb5V/+Y7nhBE3mHV9OpxBf4eAS2S68KZztiPaWq4XYw=="
    },
    "@esbuild/darwin-arm64@0.24.2": {
      "integrity": "sha512-kj3AnYWc+CekmZnS5IPu9D+HWtUI49hbnyqk0FLEJDbzCIQt7hg7ucF1SQAilhtYpIujfaHr6O0UHlzzSPdOeA=="
    },
    "@esbuild/darwin-x64@0.24.2": {
      "integrity": "sha512-WeSrmwwHaPkNR5H3yYfowhZcbriGqooyu3zI/3GGpF8AyUdsrrP0X6KumITGA9WOyiJavnGZUwPGvxvwfWPHIA=="
    },
    "@esbuild/freebsd-arm64@0.24.2": {
      "integrity": "sha512-UN8HXjtJ0k/Mj6a9+5u6+2eZ2ERD7Edt1Q9IZiB5UZAIdPnVKDoG7mdTVGhHJIeEml60JteamR3qhsr1r8gXvg=="
    },
    "@esbuild/freebsd-x64@0.24.2": {
      "integrity": "sha512-TvW7wE/89PYW+IevEJXZ5sF6gJRDY/14hyIGFXdIucxCsbRmLUcjseQu1SyTko+2idmCw94TgyaEZi9HUSOe3Q=="
    },
    "@esbuild/linux-arm64@0.24.2": {
      "integrity": "sha512-7HnAD6074BW43YvvUmE/35Id9/NB7BeX5EoNkK9obndmZBUk8xmJJeU7DwmUeN7tkysslb2eSl6CTrYz6oEMQg=="
    },
    "@esbuild/linux-arm@0.24.2": {
      "integrity": "sha512-n0WRM/gWIdU29J57hJyUdIsk0WarGd6To0s+Y+LwvlC55wt+GT/OgkwoXCXvIue1i1sSNWblHEig00GBWiJgfA=="
    },
    "@esbuild/linux-ia32@0.24.2": {
      "integrity": "sha512-sfv0tGPQhcZOgTKO3oBE9xpHuUqguHvSo4jl+wjnKwFpapx+vUDcawbwPNuBIAYdRAvIDBfZVvXprIj3HA+Ugw=="
    },
    "@esbuild/linux-loong64@0.24.2": {
      "integrity": "sha512-CN9AZr8kEndGooS35ntToZLTQLHEjtVB5n7dl8ZcTZMonJ7CCfStrYhrzF97eAecqVbVJ7APOEe18RPI4KLhwQ=="
    },
    "@esbuild/linux-mips64el@0.24.2": {
      "integrity": "sha512-iMkk7qr/wl3exJATwkISxI7kTcmHKE+BlymIAbHO8xanq/TjHaaVThFF6ipWzPHryoFsesNQJPE/3wFJw4+huw=="
    },
    "@esbuild/linux-ppc64@0.24.2": {
      "integrity": "sha512-shsVrgCZ57Vr2L8mm39kO5PPIb+843FStGt7sGGoqiiWYconSxwTiuswC1VJZLCjNiMLAMh34jg4VSEQb+iEbw=="
    },
    "@esbuild/linux-riscv64@0.24.2": {
      "integrity": "sha512-4eSFWnU9Hhd68fW16GD0TINewo1L6dRrB+oLNNbYyMUAeOD2yCK5KXGK1GH4qD/kT+bTEXjsyTCiJGHPZ3eM9Q=="
    },
    "@esbuild/linux-s390x@0.24.2": {
      "integrity": "sha512-S0Bh0A53b0YHL2XEXC20bHLuGMOhFDO6GN4b3YjRLK//Ep3ql3erpNcPlEFed93hsQAjAQDNsvcK+hV90FubSw=="
    },
    "@esbuild/linux-x64@0.24.2": {
      "integrity": "sha512-8Qi4nQcCTbLnK9WoMjdC9NiTG6/E38RNICU6sUNqK0QFxCYgoARqVqxdFmWkdonVsvGqWhmm7MO0jyTqLqwj0Q=="
    },
    "@esbuild/netbsd-arm64@0.24.2": {
      "integrity": "sha512-wuLK/VztRRpMt9zyHSazyCVdCXlpHkKm34WUyinD2lzK07FAHTq0KQvZZlXikNWkDGoT6x3TD51jKQ7gMVpopw=="
    },
    "@esbuild/netbsd-x64@0.24.2": {
      "integrity": "sha512-VefFaQUc4FMmJuAxmIHgUmfNiLXY438XrL4GDNV1Y1H/RW3qow68xTwjZKfj/+Plp9NANmzbH5R40Meudu8mmw=="
    },
    "@esbuild/openbsd-arm64@0.24.2": {
      "integrity": "sha512-YQbi46SBct6iKnszhSvdluqDmxCJA+Pu280Av9WICNwQmMxV7nLRHZfjQzwbPs3jeWnuAhE9Jy0NrnJ12Oz+0A=="
    },
    "@esbuild/openbsd-x64@0.24.2": {
      "integrity": "sha512-+iDS6zpNM6EnJyWv0bMGLWSWeXGN/HTaF/LXHXHwejGsVi+ooqDfMCCTerNFxEkM3wYVcExkeGXNqshc9iMaOA=="
    },
    "@esbuild/sunos-x64@0.24.2": {
      "integrity": "sha512-hTdsW27jcktEvpwNHJU4ZwWFGkz2zRJUz8pvddmXPtXDzVKTTINmlmga3ZzwcuMpUvLw7JkLy9QLKyGpD2Yxig=="
    },
    "@esbuild/win32-arm64@0.24.2": {
      "integrity": "sha512-LihEQ2BBKVFLOC9ZItT9iFprsE9tqjDjnbulhHoFxYQtQfai7qfluVODIYxt1PgdoyQkz23+01rzwNwYfutxUQ=="
    },
    "@esbuild/win32-ia32@0.24.2": {
      "integrity": "sha512-q+iGUwfs8tncmFC9pcnD5IvRHAzmbwQ3GPS5/ceCyHdjXubwQWI12MKWSNSMYLJMq23/IUCvJMS76PDqXe1fxA=="
    },
    "@esbuild/win32-x64@0.24.2": {
      "integrity": "sha512-7VTgWzgMGvup6aSqDPLiW5zHaxYJGTO4OokMjIlrCtf+VpEL+cXKtCvg723iguPYI5oaUNdS+/V7OU2gvXVWEg=="
    },
    "@jridgewell/gen-mapping@0.3.8": {
      "integrity": "sha512-imAbBGkb+ebQyxKgzv5Hu2nmROxoDOXHh80evxdoXNOrvAnVx7zimzc1Oo5h9RlfV4vPXaE2iM5pOFbvOCClWA==",
      "dependencies": [
        "@jridgewell/set-array",
        "@jridgewell/sourcemap-codec",
        "@jridgewell/trace-mapping"
      ]
    },
    "@jridgewell/resolve-uri@3.1.2": {
      "integrity": "sha512-bRISgCIjP20/tbWSPWMEi54QVPRZExkuD9lJL+UIxUKtwVJA8wW1Trb1jMs1RFXo1CBTNZ/5hpC9QvmKWdopKw=="
    },
    "@jridgewell/set-array@1.2.1": {
      "integrity": "sha512-R8gLRTZeyp03ymzP/6Lil/28tGeGEzhx1q2k703KGWRAI1VdvPIXdG70VJc2pAMw3NA6JKL5hhFu1sJX0Mnn/A=="
    },
    "@jridgewell/sourcemap-codec@1.5.0": {
      "integrity": "sha512-gv3ZRaISU3fjPAgNsriBRqGWQL6quFx04YMPW/zD8XMLsU32mhCCbfbO6KZFLjvYpCZ8zyDEgqsgf+PwPaM7GQ=="
    },
    "@jridgewell/trace-mapping@0.3.25": {
      "integrity": "sha512-vNk6aEwybGtawWmy/PzwnGDOjCkLWSD2wqvjGGAgOAwCGWySYXfYoxt00IJkTF+8Lb57DwOb3Aa0o9CApepiYQ==",
      "dependencies": [
        "@jridgewell/resolve-uri",
        "@jridgewell/sourcemap-codec"
      ]
    },
    "@polka/url@1.0.0-next.28": {
      "integrity": "sha512-8LduaNlMZGwdZ6qWrKlfa+2M4gahzFkprZiAt2TF8uS0qQgBizKXpXURqvTJ4WtmupWxaLqjRb2UCTe72mu+Aw=="
    },
    "@rollup/rollup-android-arm-eabi@4.34.8": {
      "integrity": "sha512-q217OSE8DTp8AFHuNHXo0Y86e1wtlfVrXiAlwkIvGRQv9zbc6mE3sjIVfwI8sYUyNxwOg0j/Vm1RKM04JcWLJw=="
    },
    "@rollup/rollup-android-arm64@4.34.8": {
      "integrity": "sha512-Gigjz7mNWaOL9wCggvoK3jEIUUbGul656opstjaUSGC3eT0BM7PofdAJaBfPFWWkXNVAXbaQtC99OCg4sJv70Q=="
    },
    "@rollup/rollup-darwin-arm64@4.34.8": {
      "integrity": "sha512-02rVdZ5tgdUNRxIUrFdcMBZQoaPMrxtwSb+/hOfBdqkatYHR3lZ2A2EGyHq2sGOd0Owk80oV3snlDASC24He3Q=="
    },
    "@rollup/rollup-darwin-x64@4.34.8": {
      "integrity": "sha512-qIP/elwR/tq/dYRx3lgwK31jkZvMiD6qUtOycLhTzCvrjbZ3LjQnEM9rNhSGpbLXVJYQ3rq39A6Re0h9tU2ynw=="
    },
    "@rollup/rollup-freebsd-arm64@4.34.8": {
      "integrity": "sha512-IQNVXL9iY6NniYbTaOKdrlVP3XIqazBgJOVkddzJlqnCpRi/yAeSOa8PLcECFSQochzqApIOE1GHNu3pCz+BDA=="
    },
    "@rollup/rollup-freebsd-x64@4.34.8": {
      "integrity": "sha512-TYXcHghgnCqYFiE3FT5QwXtOZqDj5GmaFNTNt3jNC+vh22dc/ukG2cG+pi75QO4kACohZzidsq7yKTKwq/Jq7Q=="
    },
    "@rollup/rollup-linux-arm-gnueabihf@4.34.8": {
      "integrity": "sha512-A4iphFGNkWRd+5m3VIGuqHnG3MVnqKe7Al57u9mwgbyZ2/xF9Jio72MaY7xxh+Y87VAHmGQr73qoKL9HPbXj1g=="
    },
    "@rollup/rollup-linux-arm-musleabihf@4.34.8": {
      "integrity": "sha512-S0lqKLfTm5u+QTxlFiAnb2J/2dgQqRy/XvziPtDd1rKZFXHTyYLoVL58M/XFwDI01AQCDIevGLbQrMAtdyanpA=="
    },
    "@rollup/rollup-linux-arm64-gnu@4.34.8": {
      "integrity": "sha512-jpz9YOuPiSkL4G4pqKrus0pn9aYwpImGkosRKwNi+sJSkz+WU3anZe6hi73StLOQdfXYXC7hUfsQlTnjMd3s1A=="
    },
    "@rollup/rollup-linux-arm64-musl@4.34.8": {
      "integrity": "sha512-KdSfaROOUJXgTVxJNAZ3KwkRc5nggDk+06P6lgi1HLv1hskgvxHUKZ4xtwHkVYJ1Rep4GNo+uEfycCRRxht7+Q=="
    },
    "@rollup/rollup-linux-loongarch64-gnu@4.34.8": {
      "integrity": "sha512-NyF4gcxwkMFRjgXBM6g2lkT58OWztZvw5KkV2K0qqSnUEqCVcqdh2jN4gQrTn/YUpAcNKyFHfoOZEer9nwo6uQ=="
    },
    "@rollup/rollup-linux-powerpc64le-gnu@4.34.8": {
      "integrity": "sha512-LMJc999GkhGvktHU85zNTDImZVUCJ1z/MbAJTnviiWmmjyckP5aQsHtcujMjpNdMZPT2rQEDBlJfubhs3jsMfw=="
    },
    "@rollup/rollup-linux-riscv64-gnu@4.34.8": {
      "integrity": "sha512-xAQCAHPj8nJq1PI3z8CIZzXuXCstquz7cIOL73HHdXiRcKk8Ywwqtx2wrIy23EcTn4aZ2fLJNBB8d0tQENPCmw=="
    },
    "@rollup/rollup-linux-s390x-gnu@4.34.8": {
      "integrity": "sha512-DdePVk1NDEuc3fOe3dPPTb+rjMtuFw89gw6gVWxQFAuEqqSdDKnrwzZHrUYdac7A7dXl9Q2Vflxpme15gUWQFA=="
    },
    "@rollup/rollup-linux-x64-gnu@4.34.8": {
      "integrity": "sha512-8y7ED8gjxITUltTUEJLQdgpbPh1sUQ0kMTmufRF/Ns5tI9TNMNlhWtmPKKHCU0SilX+3MJkZ0zERYYGIVBYHIA=="
    },
    "@rollup/rollup-linux-x64-musl@4.34.8": {
      "integrity": "sha512-SCXcP0ZpGFIe7Ge+McxY5zKxiEI5ra+GT3QRxL0pMMtxPfpyLAKleZODi1zdRHkz5/BhueUrYtYVgubqe9JBNQ=="
    },
    "@rollup/rollup-win32-arm64-msvc@4.34.8": {
      "integrity": "sha512-YHYsgzZgFJzTRbth4h7Or0m5O74Yda+hLin0irAIobkLQFRQd1qWmnoVfwmKm9TXIZVAD0nZ+GEb2ICicLyCnQ=="
    },
    "@rollup/rollup-win32-ia32-msvc@4.34.8": {
      "integrity": "sha512-r3NRQrXkHr4uWy5TOjTpTYojR9XmF0j/RYgKCef+Ag46FWUTltm5ziticv8LdNsDMehjJ543x/+TJAek/xBA2w=="
    },
    "@rollup/rollup-win32-x64-msvc@4.34.8": {
      "integrity": "sha512-U0FaE5O1BCpZSeE6gBl3c5ObhePQSfk9vDRToMmTkbhCOgW4jqvtS5LGyQ76L1fH8sM0keRp4uDTsbjiUyjk0g=="
    },
    "@sveltejs/adapter-auto@4.0.0_@sveltejs+kit@2.17.2__@sveltejs+vite-plugin-svelte@5.0.3___svelte@5.20.2____acorn@8.14.0___vite@6.1.1____lightningcss@1.29.1__svelte@5.20.2___acorn@8.14.0__vite@6.1.1___lightningcss@1.29.1_@sveltejs+vite-plugin-svelte@5.0.3__svelte@5.20.2___acorn@8.14.0__vite@6.1.1___lightningcss@1.29.1_svelte@5.20.2__acorn@8.14.0_vite@6.1.1__lightningcss@1.29.1": {
      "integrity": "sha512-kmuYSQdD2AwThymQF0haQhM8rE5rhutQXG4LNbnbShwhMO4qQGnKaaTy+88DuNSuoQDi58+thpq8XpHc1+oEKQ==",
      "dependencies": [
        "@sveltejs/kit@2.17.2_@sveltejs+vite-plugin-svelte@5.0.3__svelte@5.20.2___acorn@8.14.0__vite@6.1.1___lightningcss@1.29.1_svelte@5.20.2__acorn@8.14.0_vite@6.1.1__lightningcss@1.29.1_vite@6.1.1",
        "import-meta-resolve"
      ]
    },
    "@sveltejs/kit@2.17.2_@sveltejs+vite-plugin-svelte@5.0.3__svelte@5.20.2___acorn@8.14.0__vite@6.1.1___lightningcss@1.29.1_svelte@5.20.2__acorn@8.14.0_vite@6.1.1__lightningcss@1.29.1": {
      "integrity": "sha512-Vypk02baf7qd3SOB1uUwUC/3Oka+srPo2J0a8YN3EfJypRshDkNx9HzNKjSmhOnGWwT+SSO06+N0mAb8iVTmTQ==",
      "dependencies": [
        "@sveltejs/vite-plugin-svelte@5.0.3_svelte@5.20.2__acorn@8.14.0_vite@6.1.1__lightningcss@1.29.1_vite@6.1.1",
        "@types/cookie",
        "cookie",
        "devalue",
        "esm-env",
        "import-meta-resolve",
        "kleur",
        "magic-string",
        "mrmime",
        "sade",
        "set-cookie-parser",
        "sirv",
        "svelte",
        "vite@6.1.1_lightningcss@1.29.1"
      ]
    },
    "@sveltejs/kit@2.17.2_@sveltejs+vite-plugin-svelte@5.0.3__svelte@5.20.2___acorn@8.14.0__vite@6.1.1___lightningcss@1.29.1_svelte@5.20.2__acorn@8.14.0_vite@6.1.1__lightningcss@1.29.1_vite@6.1.1": {
      "integrity": "sha512-Vypk02baf7qd3SOB1uUwUC/3Oka+srPo2J0a8YN3EfJypRshDkNx9HzNKjSmhOnGWwT+SSO06+N0mAb8iVTmTQ==",
      "dependencies": [
        "@sveltejs/vite-plugin-svelte@5.0.3_svelte@5.20.2__acorn@8.14.0_vite@6.1.1__lightningcss@1.29.1_vite@6.1.1",
        "@types/cookie",
        "cookie",
        "devalue",
        "esm-env",
        "import-meta-resolve",
        "kleur",
        "magic-string",
        "mrmime",
        "sade",
        "set-cookie-parser",
        "sirv",
        "svelte",
        "vite@6.1.1"
      ]
    },
    "@sveltejs/vite-plugin-svelte-inspector@4.0.1_@sveltejs+vite-plugin-svelte@5.0.3__svelte@5.20.2___acorn@8.14.0__vite@6.1.1___lightningcss@1.29.1__vite@6.1.1_svelte@5.20.2__acorn@8.14.0_vite@6.1.1": {
      "integrity": "sha512-J/Nmb2Q2y7mck2hyCX4ckVHcR5tu2J+MtBEQqpDrrgELZ2uvraQcK/ioCV61AqkdXFgriksOKIceDcQmqnGhVw==",
      "dependencies": [
        "@sveltejs/vite-plugin-svelte@5.0.3_svelte@5.20.2__acorn@8.14.0_vite@6.1.1__lightningcss@1.29.1_vite@6.1.1",
        "debug",
        "svelte",
        "vite@6.1.1"
      ]
    },
    "@sveltejs/vite-plugin-svelte-inspector@4.0.1_@sveltejs+vite-plugin-svelte@5.0.3__svelte@5.20.2___acorn@8.14.0__vite@6.1.1___lightningcss@1.29.1_svelte@5.20.2__acorn@8.14.0_vite@6.1.1__lightningcss@1.29.1": {
      "integrity": "sha512-J/Nmb2Q2y7mck2hyCX4ckVHcR5tu2J+MtBEQqpDrrgELZ2uvraQcK/ioCV61AqkdXFgriksOKIceDcQmqnGhVw==",
      "dependencies": [
        "@sveltejs/vite-plugin-svelte@5.0.3_svelte@5.20.2__acorn@8.14.0_vite@6.1.1__lightningcss@1.29.1",
        "debug",
        "svelte",
        "vite@6.1.1"
      ]
    },
    "@sveltejs/vite-plugin-svelte@5.0.3_svelte@5.20.2__acorn@8.14.0_vite@6.1.1__lightningcss@1.29.1": {
      "integrity": "sha512-MCFS6CrQDu1yGwspm4qtli0e63vaPCehf6V7pIMP15AsWgMKrqDGCPFF/0kn4SP0ii4aySu4Pa62+fIRGFMjgw==",
      "dependencies": [
        "@sveltejs/vite-plugin-svelte-inspector@4.0.1_@sveltejs+vite-plugin-svelte@5.0.3__svelte@5.20.2___acorn@8.14.0__vite@6.1.1___lightningcss@1.29.1_svelte@5.20.2__acorn@8.14.0_vite@6.1.1__lightningcss@1.29.1",
        "debug",
        "deepmerge",
        "kleur",
        "magic-string",
        "svelte",
        "vite@6.1.1_lightningcss@1.29.1",
        "vitefu@1.0.5_vite@6.1.1__lightningcss@1.29.1"
      ]
    },
    "@sveltejs/vite-plugin-svelte@5.0.3_svelte@5.20.2__acorn@8.14.0_vite@6.1.1__lightningcss@1.29.1_vite@6.1.1": {
      "integrity": "sha512-MCFS6CrQDu1yGwspm4qtli0e63vaPCehf6V7pIMP15AsWgMKrqDGCPFF/0kn4SP0ii4aySu4Pa62+fIRGFMjgw==",
      "dependencies": [
        "@sveltejs/vite-plugin-svelte-inspector@4.0.1_@sveltejs+vite-plugin-svelte@5.0.3__svelte@5.20.2___acorn@8.14.0__vite@6.1.1___lightningcss@1.29.1__vite@6.1.1_svelte@5.20.2__acorn@8.14.0_vite@6.1.1",
        "debug",
        "deepmerge",
        "kleur",
        "magic-string",
        "svelte",
        "vite@6.1.1",
        "vitefu@1.0.5_vite@6.1.1"
      ]
    },
    "@tailwindcss/node@4.0.8": {
      "integrity": "sha512-FKArQpbrbwv08TNT0k7ejYXpF+R8knZFAatNc0acOxbgeqLzwb86r+P3LGOjIeI3Idqe9CVkZrh4GlsJLJKkkw==",
      "dependencies": [
        "enhanced-resolve",
        "jiti",
        "tailwindcss"
      ]
    },
    "@tailwindcss/oxide-android-arm64@4.0.8": {
      "integrity": "sha512-We7K79+Sm4mwJHk26Yzu/GAj7C7myemm7PeXvpgMxyxO70SSFSL3uCcqFbz9JA5M5UPkrl7N9fkBe/Y0iazqpA=="
    },
    "@tailwindcss/oxide-darwin-arm64@4.0.8": {
      "integrity": "sha512-Lv9Isi2EwkCTG1sRHNDi0uRNN1UGFdEThUAGFrydRmQZnraGLMjN8gahzg2FFnOizDl7LB2TykLUuiw833DSNg=="
    },
    "@tailwindcss/oxide-darwin-x64@4.0.8": {
      "integrity": "sha512-fWfywfYIlSWtKoqWTjukTHLWV3ARaBRjXCC2Eo0l6KVpaqGY4c2y8snUjp1xpxUtpqwMvCvFWFaleMoz1Vhzlw=="
    },
    "@tailwindcss/oxide-freebsd-x64@4.0.8": {
      "integrity": "sha512-SO+dyvjJV9G94bnmq2288Ke0BIdvrbSbvtPLaQdqjqHR83v5L2fWADyFO+1oecHo9Owsk8MxcXh1agGVPIKIqw=="
    },
    "@tailwindcss/oxide-linux-arm-gnueabihf@4.0.8": {
      "integrity": "sha512-ZSHggWiEblQNV69V0qUK5vuAtHP+I+S2eGrKGJ5lPgwgJeAd6GjLsVBN+Mqn2SPVfYM3BOpS9jX/zVg9RWQVDQ=="
    },
    "@tailwindcss/oxide-linux-arm64-gnu@4.0.8": {
      "integrity": "sha512-xWpr6M0OZLDNsr7+bQz+3X7zcnDJZJ1N9gtBWCtfhkEtDjjxYEp+Lr5L5nc/yXlL4MyCHnn0uonGVXy3fhxaVA=="
    },
    "@tailwindcss/oxide-linux-arm64-musl@4.0.8": {
      "integrity": "sha512-5tz2IL7LN58ssGEq7h/staD7pu/izF/KeMWdlJ86WDe2Ah46LF3ET6ZGKTr5eZMrnEA0M9cVFuSPprKRHNgjeg=="
    },
    "@tailwindcss/oxide-linux-x64-gnu@4.0.8": {
      "integrity": "sha512-KSzMkhyrxAQyY2o194NKVKU9j/c+NFSoMvnHWFaNHKi3P1lb+Vq1UC19tLHrmxSkKapcMMu69D7+G1+FVGNDXQ=="
    },
    "@tailwindcss/oxide-linux-x64-musl@4.0.8": {
      "integrity": "sha512-yFYKG5UtHTRimjtqxUWXBgI4Tc6NJe3USjRIVdlTczpLRxq/SFwgzGl5JbatCxgSRDPBFwRrNPxq+ukfQFGdrw=="
    },
    "@tailwindcss/oxide-win32-arm64-msvc@4.0.8": {
      "integrity": "sha512-tndGujmCSba85cRCnQzXgpA2jx5gXimyspsUYae5jlPyLRG0RjXbDshFKOheVXU4TLflo7FSG8EHCBJ0EHTKdQ=="
    },
    "@tailwindcss/oxide-win32-x64-msvc@4.0.8": {
      "integrity": "sha512-T77jroAc0p4EHVVgTUiNeFn6Nj3jtD3IeNId2X+0k+N1XxfNipy81BEkYErpKLiOkNhpNFjPee8/ZVas29b2OQ=="
    },
    "@tailwindcss/oxide@4.0.8": {
      "integrity": "sha512-KfMcuAu/Iw+DcV1e8twrFyr2yN8/ZDC/odIGta4wuuJOGkrkHZbvJvRNIbQNhGh7erZTYV6Ie0IeD6WC9Y8Hcw==",
      "dependencies": [
        "@tailwindcss/oxide-android-arm64",
        "@tailwindcss/oxide-darwin-arm64",
        "@tailwindcss/oxide-darwin-x64",
        "@tailwindcss/oxide-freebsd-x64",
        "@tailwindcss/oxide-linux-arm-gnueabihf",
        "@tailwindcss/oxide-linux-arm64-gnu",
        "@tailwindcss/oxide-linux-arm64-musl",
        "@tailwindcss/oxide-linux-x64-gnu",
        "@tailwindcss/oxide-linux-x64-musl",
        "@tailwindcss/oxide-win32-arm64-msvc",
        "@tailwindcss/oxide-win32-x64-msvc"
      ]
    },
    "@tailwindcss/vite@4.0.8_vite@6.1.1__lightningcss@1.29.1_lightningcss@1.29.1": {
      "integrity": "sha512-+SAq44yLzYlzyrb7QTcFCdU8Xa7FOA0jp+Xby7fPMUie+MY9HhJysM7Vp+vL8qIp8ceQJfLD+FjgJuJ4lL6nyg==",
      "dependencies": [
        "@tailwindcss/node",
        "@tailwindcss/oxide",
        "lightningcss",
        "tailwindcss",
        "vite@6.1.1_lightningcss@1.29.1"
      ]
    },
    "@types/cookie@0.6.0": {
      "integrity": "sha512-4Kh9a6B2bQciAhf7FSuMRRkUWecJgJu9nPnx3yzpsfXX/c50REIqpHY4C82bXP90qrLtXtkDxTZosYO3UpOwlA=="
    },
    "@types/estree@1.0.6": {
      "integrity": "sha512-AYnb1nQyY49te+VRAVgmzfcgjYS91mY5P0TKUDCLEM+gNnA+3T6rWITXRLYCpahpqSQbN5cE+gHpnPyXjHWxcw=="
    },
    "acorn-typescript@1.4.13_acorn@8.14.0": {
      "integrity": "sha512-xsc9Xv0xlVfwp2o7sQ+GCQ1PgbkdcpWdTzrwXxO3xDMTAywVS3oXVOcOHuRjAPkS4P9b+yc/qNF15460v+jp4Q==",
      "dependencies": [
        "acorn"
      ]
    },
    "acorn@8.14.0": {
      "integrity": "sha512-cl669nCJTZBsL97OF4kUQm5g5hC2uihk0NxY3WENAC0TYdILVkAyHymAntgxGkl7K+t0cXIrH5siy5S4XkFycA=="
    },
    "aria-query@5.3.2": {
      "integrity": "sha512-COROpnaoap1E2F000S62r6A60uHZnmlvomhfyT2DlTcrY1OrBKn2UhH7qn5wTC9zMvD0AY7csdPSNwKP+7WiQw=="
    },
    "axobject-query@4.1.0": {
      "integrity": "sha512-qIj0G9wZbMGNLjLmg1PT6v2mE9AH2zlnADJD/2tC6E00hgmhUOfEB6greHPAfLRSufHqROIUTkw6E+M3lH0PTQ=="
    },
    "buffer-builder@0.2.0": {
      "integrity": "sha512-7VPMEPuYznPSoR21NE1zvd2Xna6c/CloiZCfcMXR1Jny6PjX0N4Nsa38zcBFo/FMK+BlA+FLKbJCQ0i2yxp+Xg=="
    },
    "chokidar@4.0.3": {
      "integrity": "sha512-Qgzu8kfBvo+cA4962jnP1KkS6Dop5NS6g7R5LFYJr4b8Ub94PPQXUksCw9PvXoeXPRRddRNC5C1JQUR2SMGtnA==",
      "dependencies": [
        "readdirp"
      ]
    },
    "clsx@2.1.1": {
      "integrity": "sha512-eYm0QWBtUrBWZWG0d386OGAw16Z995PiOVo2B7bjWSbHedGl5e0ZWaq65kOGgUSNesEIDkB9ISbTg/JK9dhCZA=="
    },
    "colorjs.io@0.5.2": {
      "integrity": "sha512-twmVoizEW7ylZSN32OgKdXRmo1qg+wT5/6C3xu5b9QsWzSFAhHLn2xd8ro0diCsKfCj1RdaTP/nrcW+vAoQPIw=="
    },
    "cookie@0.6.0": {
      "integrity": "sha512-U71cyTamuh1CRNCfpGY6to28lxvNwPG4Guz/EVjgf3Jmzv0vlDp1atT9eS5dDjMYHucpHbWns6Lwf3BKz6svdw=="
    },
    "debug@4.4.0": {
      "integrity": "sha512-6WTZ/IxCY/T6BALoZHaE4ctp9xm+Z5kY/pzYaCHRFeyVhojxlrm+46y68HA6hr0TcwEssoxNiDEUJQjfPZ/RYA==",
      "dependencies": [
        "ms"
      ]
    },
    "deepmerge@4.3.1": {
      "integrity": "sha512-3sUqbMEc77XqpdNO7FRyRog+eW3ph+GYCbj+rK+uYyRMuwsVy0rMiVtPn+QJlKFvWP/1PYpapqYn0Me2knFn+A=="
    },
    "detect-libc@1.0.3": {
      "integrity": "sha512-pGjwhsmsp4kL2RTz08wcOlGN83otlqHeD/Z5T8GXZB+/YcpQ/dgo+lbU8ZsGxV0HIvqqxo9l7mqYwyYMD9bKDg=="
    },
    "devalue@5.1.1": {
      "integrity": "sha512-maua5KUiapvEwiEAe+XnlZ3Rh0GD+qI1J/nb9vrJc3muPXvcF/8gXYTWF76+5DAqHyDUtOIImEuo0YKE9mshVw=="
    },
    "enhanced-resolve@5.18.1": {
      "integrity": "sha512-ZSW3ma5GkcQBIpwZTSRAI8N71Uuwgs93IezB7mf7R60tC8ZbJideoDNKjHn2O9KIlx6rkGTTEk1xUCK2E1Y2Yg==",
      "dependencies": [
        "graceful-fs",
        "tapable"
      ]
    },
    "esbuild@0.24.2": {
      "integrity": "sha512-+9egpBW8I3CD5XPe0n6BfT5fxLzxrlDzqydF3aviG+9ni1lDC/OvMHcxqEFV0+LANZG5R1bFMWfUrjVsdwxJvA==",
      "dependencies": [
        "@esbuild/aix-ppc64",
        "@esbuild/android-arm",
        "@esbuild/android-arm64",
        "@esbuild/android-x64",
        "@esbuild/darwin-arm64",
        "@esbuild/darwin-x64",
        "@esbuild/freebsd-arm64",
        "@esbuild/freebsd-x64",
        "@esbuild/linux-arm",
        "@esbuild/linux-arm64",
        "@esbuild/linux-ia32",
        "@esbuild/linux-loong64",
        "@esbuild/linux-mips64el",
        "@esbuild/linux-ppc64",
        "@esbuild/linux-riscv64",
        "@esbuild/linux-s390x",
        "@esbuild/linux-x64",
        "@esbuild/netbsd-arm64",
        "@esbuild/netbsd-x64",
        "@esbuild/openbsd-arm64",
        "@esbuild/openbsd-x64",
        "@esbuild/sunos-x64",
        "@esbuild/win32-arm64",
        "@esbuild/win32-ia32",
        "@esbuild/win32-x64"
      ]
    },
    "esm-env@1.2.2": {
      "integrity": "sha512-Epxrv+Nr/CaL4ZcFGPJIYLWFom+YeV1DqMLHJoEd9SYRxNbaFruBwfEX/kkHUJf55j2+TUbmDcmuilbP1TmXHA=="
    },
    "esrap@1.4.5": {
      "integrity": "sha512-CjNMjkBWWZeHn+VX+gS8YvFwJ5+NDhg8aWZBSFJPR8qQduDNjbJodA2WcwCm7uQa5Rjqj+nZvVmceg1RbHFB9g==",
      "dependencies": [
        "@jridgewell/sourcemap-codec"
      ]
    },
    "fdir@6.4.3": {
      "integrity": "sha512-PMXmW2y1hDDfTSRc9gaXIuCCRpuoz3Kaz8cUelp3smouvfT632ozg2vrT6lJsHKKOF59YLbOGfAWGUcKEfRMQw=="
    },
    "fsevents@2.3.3": {
      "integrity": "sha512-5xoDfX+fL7faATnagmWPpbFtwh/R77WmMMqqHGS65C3vvB0YHrgF+B1YmZ3441tMj5n63k0212XNoJwzlhffQw=="
    },
    "graceful-fs@4.2.11": {
      "integrity": "sha512-RbJ5/jmFcNNCcDV5o9eTnBLJ/HszWV0P73bc+Ff4nS/rJj+YaS6IGyiOL0VoBYX+l1Wrl3k63h/KrH+nhJ0XvQ=="
    },
    "has-flag@4.0.0": {
      "integrity": "sha512-EykJT/Q1KjTWctppgIAgfSO0tKVuZUjhgMr17kqTumMl6Afv3EISleU7qZUzoXDFTAHTDC4NOoG/ZxU3EvlMPQ=="
    },
    "immutable@5.0.3": {
      "integrity": "sha512-P8IdPQHq3lA1xVeBRi5VPqUm5HDgKnx0Ru51wZz5mjxHr5n3RWhjIpOFU7ybkUxfB+5IToy+OLaHYDBIWsv+uw=="
    },
    "import-meta-resolve@4.1.0": {
      "integrity": "sha512-I6fiaX09Xivtk+THaMfAwnA3MVA5Big1WHF1Dfx9hFuvNIWpXnorlkzhcQf6ehrqQiiZECRt1poOAkPmer3ruw=="
    },
    "is-reference@3.0.3": {
      "integrity": "sha512-ixkJoqQvAP88E6wLydLGGqCJsrFUnqoH6HnaczB8XmDH1oaWU+xxdptvikTgaEhtZ53Ky6YXiBuUI2WXLMCwjw==",
      "dependencies": [
        "@types/estree"
      ]
    },
    "jiti@2.4.2": {
      "integrity": "sha512-rg9zJN+G4n2nfJl5MW3BMygZX56zKPNVEYYqq7adpmMh4Jn2QNEwhvQlFy6jPVdcod7txZtKHWnyZiA3a0zP7A=="
    },
    "kleur@4.1.5": {
      "integrity": "sha512-o+NO+8WrRiQEE4/7nwRJhN1HWpVmJm511pBHUxPLtp0BUISzlBplORYSmTclCnJvQq2tKu/sgl3xVpkc7ZWuQQ=="
    },
    "lightningcss-darwin-arm64@1.29.1": {
      "integrity": "sha512-HtR5XJ5A0lvCqYAoSv2QdZZyoHNttBpa5EP9aNuzBQeKGfbyH5+UipLWvVzpP4Uml5ej4BYs5I9Lco9u1fECqw=="
    },
    "lightningcss-darwin-x64@1.29.1": {
      "integrity": "sha512-k33G9IzKUpHy/J/3+9MCO4e+PzaFblsgBjSGlpAaFikeBFm8B/CkO3cKU9oI4g+fjS2KlkLM/Bza9K/aw8wsNA=="
    },
    "lightningcss-freebsd-x64@1.29.1": {
      "integrity": "sha512-0SUW22fv/8kln2LnIdOCmSuXnxgxVC276W5KLTwoehiO0hxkacBxjHOL5EtHD8BAXg2BvuhsJPmVMasvby3LiQ=="
    },
    "lightningcss-linux-arm-gnueabihf@1.29.1": {
      "integrity": "sha512-sD32pFvlR0kDlqsOZmYqH/68SqUMPNj+0pucGxToXZi4XZgZmqeX/NkxNKCPsswAXU3UeYgDSpGhu05eAufjDg=="
    },
    "lightningcss-linux-arm64-gnu@1.29.1": {
      "integrity": "sha512-0+vClRIZ6mmJl/dxGuRsE197o1HDEeeRk6nzycSy2GofC2JsY4ifCRnvUWf/CUBQmlrvMzt6SMQNMSEu22csWQ=="
    },
    "lightningcss-linux-arm64-musl@1.29.1": {
      "integrity": "sha512-UKMFrG4rL/uHNgelBsDwJcBqVpzNJbzsKkbI3Ja5fg00sgQnHw/VrzUTEc4jhZ+AN2BvQYz/tkHu4vt1kLuJyw=="
    },
    "lightningcss-linux-x64-gnu@1.29.1": {
      "integrity": "sha512-u1S+xdODy/eEtjADqirA774y3jLcm8RPtYztwReEXoZKdzgsHYPl0s5V52Tst+GKzqjebkULT86XMSxejzfISw=="
    },
    "lightningcss-linux-x64-musl@1.29.1": {
      "integrity": "sha512-L0Tx0DtaNUTzXv0lbGCLB/c/qEADanHbu4QdcNOXLIe1i8i22rZRpbT3gpWYsCh9aSL9zFujY/WmEXIatWvXbw=="
    },
    "lightningcss-win32-arm64-msvc@1.29.1": {
      "integrity": "sha512-QoOVnkIEFfbW4xPi+dpdft/zAKmgLgsRHfJalEPYuJDOWf7cLQzYg0DEh8/sn737FaeMJxHZRc1oBreiwZCjog=="
    },
    "lightningcss-win32-x64-msvc@1.29.1": {
      "integrity": "sha512-NygcbThNBe4JElP+olyTI/doBNGJvLs3bFCRPdvuCcxZCcCZ71B858IHpdm7L1btZex0FvCmM17FK98Y9MRy1Q=="
    },
    "lightningcss@1.29.1": {
      "integrity": "sha512-FmGoeD4S05ewj+AkhTY+D+myDvXI6eL27FjHIjoyUkO/uw7WZD1fBVs0QxeYWa7E17CUHJaYX/RUGISCtcrG4Q==",
      "dependencies": [
        "detect-libc",
        "lightningcss-darwin-arm64",
        "lightningcss-darwin-x64",
        "lightningcss-freebsd-x64",
        "lightningcss-linux-arm-gnueabihf",
        "lightningcss-linux-arm64-gnu",
        "lightningcss-linux-arm64-musl",
        "lightningcss-linux-x64-gnu",
        "lightningcss-linux-x64-musl",
        "lightningcss-win32-arm64-msvc",
        "lightningcss-win32-x64-msvc"
      ]
    },
    "locate-character@3.0.0": {
      "integrity": "sha512-SW13ws7BjaeJ6p7Q6CO2nchbYEc3X3J6WrmTTDto7yMPqVSZTUyY5Tjbid+Ab8gLnATtygYtiDIJGQRRn2ZOiA=="
    },
    "magic-string@0.30.17": {
      "integrity": "sha512-sNPKHvyjVf7gyjwS4xGTaW/mCnF8wnjtifKBEhxfZ7E/S8tQ0rssrwGNn6q8JH/ohItJfSQp9mBtQYuTlH5QnA==",
      "dependencies": [
        "@jridgewell/sourcemap-codec"
      ]
    },
    "mri@1.2.0": {
      "integrity": "sha512-tzzskb3bG8LvYGFF/mDTpq3jpI6Q9wc3LEmBaghu+DdCssd1FakN7Bc0hVNmEyGq1bq3RgfkCb3cmQLpNPOroA=="
    },
    "mrmime@2.0.1": {
      "integrity": "sha512-Y3wQdFg2Va6etvQ5I82yUhGdsKrcYox6p7FfL1LbK2J4V01F9TGlepTIhnK24t7koZibmg82KGglhA1XK5IsLQ=="
    },
    "ms@2.1.3": {
      "integrity": "sha512-6FlzubTLZG3J2a/NVCAleEhjzq5oxgHyaCU9yYXvcLsvoVaHJq/s5xXI6/XXP6tz7R9xAOtHnSO/tXtF3WRTlA=="
    },
    "nanoid@3.3.8": {
      "integrity": "sha512-WNLf5Sd8oZxOm+TzppcYk8gVOgP+l58xNy58D0nbUnOxOWRWvlcCV4kUF7ltmI6PsrLl/BgKEyS4mqsGChFN0w=="
    },
    "picocolors@1.1.1": {
      "integrity": "sha512-xceH2snhtb5M9liqDsmEw56le376mTZkEX/jEb/RxNFyegNul7eNslCXP9FDj/Lcu0X8KEyMceP2ntpaHrDEVA=="
    },
    "postcss@8.5.3": {
      "integrity": "sha512-dle9A3yYxlBSrt8Fu+IpjGT8SY8hN0mlaA6GY8t0P5PjIOZemULz/E2Bnm/2dcUOena75OTNkHI76uZBNUUq3A==",
      "dependencies": [
        "nanoid",
        "picocolors",
        "source-map-js"
      ]
    },
    "readdirp@4.1.2": {
      "integrity": "sha512-GDhwkLfywWL2s6vEjyhri+eXmfH6j1L7JE27WhqLeYzoh/A3DBaYGEj2H/HFZCn/kMfim73FXxEJTw06WtxQwg=="
    },
    "rollup@4.34.8": {
      "integrity": "sha512-489gTVMzAYdiZHFVA/ig/iYFllCcWFHMvUHI1rpFmkoUtRlQxqh6/yiNqnYibjMZ2b/+FUQwldG+aLsEt6bglQ==",
      "dependencies": [
        "@rollup/rollup-android-arm-eabi",
        "@rollup/rollup-android-arm64",
        "@rollup/rollup-darwin-arm64",
        "@rollup/rollup-darwin-x64",
        "@rollup/rollup-freebsd-arm64",
        "@rollup/rollup-freebsd-x64",
        "@rollup/rollup-linux-arm-gnueabihf",
        "@rollup/rollup-linux-arm-musleabihf",
        "@rollup/rollup-linux-arm64-gnu",
        "@rollup/rollup-linux-arm64-musl",
        "@rollup/rollup-linux-loongarch64-gnu",
        "@rollup/rollup-linux-powerpc64le-gnu",
        "@rollup/rollup-linux-riscv64-gnu",
        "@rollup/rollup-linux-s390x-gnu",
        "@rollup/rollup-linux-x64-gnu",
        "@rollup/rollup-linux-x64-musl",
        "@rollup/rollup-win32-arm64-msvc",
        "@rollup/rollup-win32-ia32-msvc",
        "@rollup/rollup-win32-x64-msvc",
        "@types/estree",
        "fsevents"
      ]
    },
    "rxjs@7.8.1": {
      "integrity": "sha512-AA3TVj+0A2iuIoQkWEK/tqFjBq2j+6PO6Y0zJcvzLAFhEFIO3HL0vls9hWLncZbAAbK0mar7oZ4V079I/qPMxg==",
      "dependencies": [
        "tslib"
      ]
    },
    "sade@1.8.1": {
      "integrity": "sha512-xal3CZX1Xlo/k4ApwCFrHVACi9fBqJ7V+mwhBsuf/1IOKbBy098Fex+Wa/5QMubw09pSZ/u8EY8PWgevJsXp1A==",
      "dependencies": [
        "mri"
      ]
    },
    "sass-embedded-android-arm64@1.85.0": {
      "integrity": "sha512-4itDzRwezwrW8+YzMLIwHtMeH+qrBNdBsRn9lTVI15K+cNLC8z5JWJi6UCZ8TNNZr9LDBfsh5jUdjSub0yF7jg=="
    },
    "sass-embedded-android-arm@1.85.0": {
      "integrity": "sha512-pPBT7Ad6G8Mlao8ypVNXW2ya7I/Bhcny+RYZ/EmrunEXfhzCNp4PWV2VAweitPO9RnPIJwvUTkLc8Fu6K3nVmw=="
    },
    "sass-embedded-android-ia32@1.85.0": {
      "integrity": "sha512-bwqKq95hzbGbMTeXCMQhH7yEdc2xJVwIXj7rGdD3McvyFWbED6362XRFFPI5YyjfD2wRJd9yWLh/hn+6VyjcYA=="
    },
    "sass-embedded-android-riscv64@1.85.0": {
      "integrity": "sha512-Fgkgay+5EePJXZFHR5Vlkutnsmox2V6nX4U3mfGbSN1xjLRm8F5ST72V2s5Z0mnIFpGvEu/v7hfptgViqMvaxg=="
    },
    "sass-embedded-android-x64@1.85.0": {
      "integrity": "sha512-/bG3JgTn3eoIDHCiJNVkLeJgUesat4ghxqYmKMZUJx++4e6iKCDj8XwQTJAgm+QDrsPKXHBacHEANJ9LEAuTqg=="
    },
    "sass-embedded-darwin-arm64@1.85.0": {
      "integrity": "sha512-plp8TyMz97YFBCB3ndftEvoW29vyfsSBJILM5U84cGzr06SvLh/Npjj8psfUeRw+upEk1zkFtw5u61sRCdgwIw=="
    },
    "sass-embedded-darwin-x64@1.85.0": {
      "integrity": "sha512-LP8Zv8DG57Gn6PmSwWzC0gEZUsGdg36Ps3m0i1fVTOelql7N3HZIrlPYRjJvidL8ZlB3ISxNANebTREUHn/wkQ=="
    },
    "sass-embedded-linux-arm64@1.85.0": {
      "integrity": "sha512-JRIRKVOY5Y8M1zlUOv9AQGju4P6lj8i5vLJZsVYVN/uY8Cd2dDJZPC8EOhjntp+IpF8AOGIHqCeCkHBceIyIjA=="
    },
    "sass-embedded-linux-arm@1.85.0": {
      "integrity": "sha512-18xOAEfazJt1MMVS2TRHV94n81VyMnywOoJ7/S7I79qno/zx26OoqqP4XvH107xu8+mZ9Gg54LrUH6ZcgHk08g=="
    },
    "sass-embedded-linux-ia32@1.85.0": {
      "integrity": "sha512-4JH+h+gLt9So22nNPQtsKojEsLzjld9ol3zWcOtMGclv+HojZGbCuhJUrLUcK72F8adXYsULmWhJPKROLIwYMA=="
    },
    "sass-embedded-linux-musl-arm64@1.85.0": {
      "integrity": "sha512-aoQjUjK28bvdw9XKTjQeayn8oWQ2QqvoTD11myklGd3IHH7Jj0nwXUstI4NxDueCKt3wghuZoIQkjOheReQxlg=="
    },
    "sass-embedded-linux-musl-arm@1.85.0": {
      "integrity": "sha512-Z1j4ageDVFihqNUBnm89fxY46pY0zD/Clp1D3ZdI7S+D280+AEpbm5vMoH8LLhBQfQLf2w7H++SZGpQwrisudQ=="
    },
    "sass-embedded-linux-musl-ia32@1.85.0": {
      "integrity": "sha512-/cJCSXOfXmQFH8deE+3U9x+BSz8i0d1Tt9gKV/Gat1Xm43Oumw8pmZgno+cDuGjYQInr9ryW5121pTMlj/PBXQ=="
    },
    "sass-embedded-linux-musl-riscv64@1.85.0": {
      "integrity": "sha512-l+FJxMXkmg42RZq5RFKXg4InX0IA7yEiPHe4kVSdrczP7z3NLxk+W9wVkPnoRKYIMe1qZPPQ25y0TgI4HNWouA=="
    },
    "sass-embedded-linux-musl-x64@1.85.0": {
      "integrity": "sha512-M9ffjcYfFcRvkFA6V3DpOS955AyvmpvPAhL/xNK45d/ma1n1ehTWpd24tVeKiNK5CZkNjjMEfyw2fHa6MpqmEA=="
    },
    "sass-embedded-linux-riscv64@1.85.0": {
      "integrity": "sha512-yqPXQWfM+qiIPkfn++48GOlbmSvUZIyL9nwFstBk0k4x40UhbhilfknqeTUpxoHfQzylTGVhrm5JE7MjM+LNZA=="
    },
    "sass-embedded-linux-x64@1.85.0": {
      "integrity": "sha512-NTDeQFZcuVR7COoaRy8pZD6/+QznwBR8kVFsj7NpmvX9aJ7TX/q+OQZHX7Bfb3tsfKXhf1YZozegPuYxRnMKAQ=="
    },
    "sass-embedded-win32-arm64@1.85.0": {
      "integrity": "sha512-gO0VAuxC4AdV+uZYJESRWVVHQWCGzNs0C3OKCAdH4r1vGRugooMi7J/5wbwUdXDA1MV9ICfhlKsph2n3GiPdqA=="
    },
    "sass-embedded-win32-ia32@1.85.0": {
      "integrity": "sha512-PCyn6xeFIBUgBceNypuf73/5DWF2VWPlPqPuBprPsTvpZOMUJeBtP+Lf4mnu3dNy1z76mYVnpaCnQmzZ0zHZaA=="
    },
    "sass-embedded-win32-x64@1.85.0": {
      "integrity": "sha512-AknE2jLp6OBwrR5hQ8pDsG94KhJCeSheFJ2xgbnk8RUjZX909JiNbgh2sNt9LG+RXf4xZa55dDL537gZoCx/iw=="
    },
    "sass-embedded@1.85.0": {
      "integrity": "sha512-x3Vv54g0jv1aPSW8OTA/0GzQCs/HMQOjIkLtZJ3Xsn/I4vnyjKbVTQmFTax9bQjldqLEEkdbvy6ES/cOOnYNwA==",
      "dependencies": [
        "@bufbuild/protobuf",
        "buffer-builder",
        "colorjs.io",
        "immutable",
        "rxjs",
        "sass-embedded-android-arm",
        "sass-embedded-android-arm64",
        "sass-embedded-android-ia32",
        "sass-embedded-android-riscv64",
        "sass-embedded-android-x64",
        "sass-embedded-darwin-arm64",
        "sass-embedded-darwin-x64",
        "sass-embedded-linux-arm",
        "sass-embedded-linux-arm64",
        "sass-embedded-linux-ia32",
        "sass-embedded-linux-musl-arm",
        "sass-embedded-linux-musl-arm64",
        "sass-embedded-linux-musl-ia32",
        "sass-embedded-linux-musl-riscv64",
        "sass-embedded-linux-musl-x64",
        "sass-embedded-linux-riscv64",
        "sass-embedded-linux-x64",
        "sass-embedded-win32-arm64",
        "sass-embedded-win32-ia32",
        "sass-embedded-win32-x64",
        "supports-color",
        "sync-child-process",
        "varint"
      ]
    },
    "set-cookie-parser@2.7.1": {
      "integrity": "sha512-IOc8uWeOZgnb3ptbCURJWNjWUPcO3ZnTTdzsurqERrP6nPyv+paC55vJM0LpOlT2ne+Ix+9+CRG1MNLlyZ4GjQ=="
    },
    "sirv@3.0.1": {
      "integrity": "sha512-FoqMu0NCGBLCcAkS1qA+XJIQTR6/JHfQXl+uGteNCQ76T91DMUjPa9xfmeqMY3z80nLSg9yQmNjK0Px6RWsH/A==",
      "dependencies": [
        "@polka/url",
        "mrmime",
        "totalist"
      ]
    },
    "source-map-js@1.2.1": {
      "integrity": "sha512-UXWMKhLOwVKb728IUtQPXxfYU+usdybtUrK/8uGE8CQMvrhOpwvzDBwj0QhSL7MQc7vIsISBG8VQ8+IDQxpfQA=="
    },
    "supports-color@8.1.1": {
      "integrity": "sha512-MpUEN2OodtUzxvKQl72cUF7RQ5EiHsGvSsVG0ia9c5RbWGL2CI4C7EpPS8UTBIplnlzZiNuV56w+FuNxy3ty2Q==",
      "dependencies": [
        "has-flag"
      ]
    },
    "svelte-check@4.1.4_svelte@5.20.2__acorn@8.14.0_typescript@5.7.3": {
      "integrity": "sha512-v0j7yLbT29MezzaQJPEDwksybTE2Ups9rUxEXy92T06TiA0cbqcO8wAOwNUVkFW6B0hsYHA+oAX3BS8b/2oHtw==",
      "dependencies": [
        "@jridgewell/trace-mapping",
        "chokidar",
        "fdir",
        "picocolors",
        "sade",
        "svelte",
        "typescript"
      ]
    },
    "svelte@5.20.2_acorn@8.14.0": {
      "integrity": "sha512-aYXJreNUiyTob0QOzRZeBXZMGeFZDch6SrSRV8QTncZb6zj0O3BEdUzPpojuHQ1pTvk+KX7I6rZCXPUf8pTPxA==",
      "dependencies": [
        "@ampproject/remapping",
        "@jridgewell/sourcemap-codec",
        "@types/estree",
        "acorn",
        "acorn-typescript",
        "aria-query",
        "axobject-query",
        "clsx",
        "esm-env",
        "esrap",
        "is-reference",
        "locate-character",
        "magic-string",
        "zimmerframe"
      ]
    },
    "sync-child-process@1.0.2": {
      "integrity": "sha512-8lD+t2KrrScJ/7KXCSyfhT3/hRq78rC0wBFqNJXv3mZyn6hW2ypM05JmlSvtqRbeq6jqA94oHbxAr2vYsJ8vDA==",
      "dependencies": [
        "sync-message-port"
      ]
    },
    "sync-message-port@1.1.3": {
      "integrity": "sha512-GTt8rSKje5FilG+wEdfCkOcLL7LWqpMlr2c3LRuKt/YXxcJ52aGSbGBAdI4L3aaqfrBt6y711El53ItyH1NWzg=="
    },
    "tailwindcss@4.0.8": {
      "integrity": "sha512-Me7N5CKR+D2A1xdWA5t5+kjjT7bwnxZOE6/yDI/ixJdJokszsn2n++mdU5yJwrsTpqFX2B9ZNMBJDwcqk9C9lw=="
    },
    "tapable@2.2.1": {
      "integrity": "sha512-GNzQvQTOIP6RyTfE2Qxb8ZVlNmw0n88vp1szwWRimP02mnTsx3Wtn5qRdqY9w2XduFNUgvOwhNnQsjwCp+kqaQ=="
    },
    "totalist@3.0.1": {
      "integrity": "sha512-sf4i37nQ2LBx4m3wB74y+ubopq6W/dIzXg0FDGjsYnZHVa1Da8FH853wlL2gtUhg+xJXjfk3kUZS3BRoQeoQBQ=="
    },
    "tslib@2.8.1": {
      "integrity": "sha512-oJFu94HQb+KVduSUQL7wnpmqnfmLsOA/nAh6b6EH0wCEoK0/mPeXU6c3wKDV83MkOuHPRHtSXKKU99IBazS/2w=="
    },
    "typescript@5.7.3": {
      "integrity": "sha512-84MVSjMEHP+FQRPy3pX9sTVV/INIex71s9TL2Gm5FG/WG1SqXeKyZ0k7/blY/4FdOzI12CBy1vGc4og/eus0fw=="
    },
    "varint@6.0.0": {
      "integrity": "sha512-cXEIW6cfr15lFv563k4GuVuW/fiwjknytD37jIOLSdSWuOI6WnO/oKwmP2FQTU2l01LP8/M5TSAJpzUaGe3uWg=="
    },
    "vite@6.1.1": {
      "integrity": "sha512-4GgM54XrwRfrOp297aIYspIti66k56v16ZnqHvrIM7mG+HjDlAwS7p+Srr7J6fGvEdOJ5JcQ/D9T7HhtdXDTzA==",
      "dependencies": [
        "esbuild",
        "fsevents",
        "postcss",
        "rollup"
      ]
    },
    "vite@6.1.1_lightningcss@1.29.1": {
      "integrity": "sha512-4GgM54XrwRfrOp297aIYspIti66k56v16ZnqHvrIM7mG+HjDlAwS7p+Srr7J6fGvEdOJ5JcQ/D9T7HhtdXDTzA==",
      "dependencies": [
        "esbuild",
        "fsevents",
        "lightningcss",
        "postcss",
        "rollup"
      ]
    },
    "vitefu@1.0.5_vite@6.1.1": {
      "integrity": "sha512-h4Vflt9gxODPFNGPwp4zAMZRpZR7eslzwH2c5hn5kNZ5rhnKyRJ50U+yGCdc2IRaBs8O4haIgLNGrV5CrpMsCA==",
      "dependencies": [
        "vite@6.1.1"
      ]
    },
    "vitefu@1.0.5_vite@6.1.1__lightningcss@1.29.1": {
      "integrity": "sha512-h4Vflt9gxODPFNGPwp4zAMZRpZR7eslzwH2c5hn5kNZ5rhnKyRJ50U+yGCdc2IRaBs8O4haIgLNGrV5CrpMsCA==",
      "dependencies": [
        "vite@6.1.1"
      ]
    },
    "zimmerframe@1.1.2": {
      "integrity": "sha512-rAbqEGa8ovJy4pyBxZM70hg4pE6gDgaQ0Sl9M3enG3I0d6H4XSAM3GeNGLKnsBpuijUow064sf7ww1nutC5/3w=="
    }
  },
  "workspace": {
    "packageJson": {
      "dependencies": [
        "npm:@sveltejs/adapter-auto@4",
        "npm:@sveltejs/kit@^2.16.0",
        "npm:@sveltejs/vite-plugin-svelte@5",
        "npm:@tailwindcss/vite@4",
        "npm:sass-embedded@^1.85.0",
        "npm:svelte-check@4",
        "npm:svelte@5",
        "npm:tailwindcss@4",
        "npm:typescript@5",
        "npm:vite@6"
      ]
    }
  }
}
